
Microsoft Visual Studio Solution File, Format Version 12.00
# Visual Studio Version 17
VisualStudioVersion = 17.10.34928.147
MinimumVisualStudioVersion = 10.0.40219.1
Project("{9A19103F-16F7-4668-BE54-9A1E7A4F7556}") = "AtmApplicationWPF", "AtmApplicationWPF.csproj", "{6207ED7C-9A48-40D6-9CF7-E568910F3676}"
EndProject
Global
	GlobalSection(SolutionConfigurationPlatforms) = preSolution
		Debug|Any CPU = Debug|Any CPU
		Release|Any CPU = Release|Any CPU
	EndGlobalSection
	GlobalSection(ProjectConfigurationPlatforms) = postSolution
		{6207ED7C-9A48-40D6-9CF7-E568910F3676}.Debug|Any CPU.ActiveCfg = Debug|Any CPU
		{6207ED7C-9A48-40D6-9CF7-E568910F3676}.Debug|Any CPU.Build.0 = Debug|Any CPU
		{6207ED7C-9A48-40D6-9CF7-E568910F3676}.Release|Any CPU.ActiveCfg = Release|Any CPU
		{6207ED7C-9A48-40D6-9CF7-E568910F3676}.Release|Any CPU.Build.0 = Release|Any CPU
	EndGlobalSection
	GlobalSection(SolutionProperties) = preSolution
		HideSolutionNode = FALSE
	EndGlobalSection
	GlobalSection(ExtensibilityGlobals) = postSolution
		SolutionGuid = {2BBF8A74-85D9-4BC9-85B2-3601B94D8F16}
	EndGlobalSection
EndGlobal
